
Microsoft Visual Studio Solution File, Format Version 12.00
# Visual Studio 2017
Project("{FAE04EC0-301F-11D3-BF4B-00C04F79EFBC}") = "LightTrails", "LightTrails.csproj", "{31E89BE6-11C9-6113-75BE-C954C6447CA1}"
EndProject
Project("{FAE04EC0-301F-11D3-BF4B-00C04F79EFBC}") = "LightTrails.Editor", "LightTrails.Editor.csproj", "{D3B39BE9-2B43-CAF5-73C0-7D25214AAFE8}"
EndProject
Global
	GlobalSection(SolutionConfigurationPlatforms) = preSolution
		Debug|Any CPU = Debug|Any CPU
		Release|Any CPU = Release|Any CPU
	EndGlobalSection
	GlobalSection(ProjectConfigurationPlatforms) = postSolution
		{31E89BE6-11C9-6113-75BE-C954C6447CA1}.Debug|Any CPU.ActiveCfg = Debug|Any CPU
		{31E89BE6-11C9-6113-75BE-C954C6447CA1}.Debug|Any CPU.Build.0 = Debug|Any CPU
		{31E89BE6-11C9-6113-75BE-C954C6447CA1}.Release|Any CPU.ActiveCfg = Release|Any CPU
		{31E89BE6-11C9-6113-75BE-C954C6447CA1}.Release|Any CPU.Build.0 = Release|Any CPU
		{D3B39BE9-2B43-CAF5-73C0-7D25214AAFE8}.Debug|Any CPU.ActiveCfg = Debug|Any CPU
		{D3B39BE9-2B43-CAF5-73C0-7D25214AAFE8}.Debug|Any CPU.Build.0 = Debug|Any CPU
		{D3B39BE9-2B43-CAF5-73C0-7D25214AAFE8}.Release|Any CPU.ActiveCfg = Release|Any CPU
		{D3B39BE9-2B43-CAF5-73C0-7D25214AAFE8}.Release|Any CPU.Build.0 = Release|Any CPU
	EndGlobalSection
	GlobalSection(SolutionProperties) = preSolution
		HideSolutionNode = FALSE
	EndGlobalSection
EndGlobal
